
Microsoft Visual Studio Solution File, Format Version 12.00
# Visual Studio 2012
Project("{8BC9CEB8-8B4A-11D0-8D11-00A0C91BC942}") = "AlgebraMnozhestv", "AlgebraMnozhestv\AlgebraMnozhestv.vcxproj", "{FED8F544-1B7C-4B02-AA11-BA085AE8B91F}"
EndProject
Global
	GlobalSection(SolutionConfigurationPlatforms) = preSolution
		Debug|Win32 = Debug|Win32
		Release|Win32 = Release|Win32
	EndGlobalSection
	GlobalSection(ProjectConfigurationPlatforms) = postSolution
		{FED8F544-1B7C-4B02-AA11-BA085AE8B91F}.Debug|Win32.ActiveCfg = Debug|Win32
		{FED8F544-1B7C-4B02-AA11-BA085AE8B91F}.Debug|Win32.Build.0 = Debug|Win32
		{FED8F544-1B7C-4B02-AA11-BA085AE8B91F}.Release|Win32.ActiveCfg = Release|Win32
		{FED8F544-1B7C-4B02-AA11-BA085AE8B91F}.Release|Win32.Build.0 = Release|Win32
	EndGlobalSection
	GlobalSection(SolutionProperties) = preSolution
		HideSolutionNode = FALSE
	EndGlobalSection
EndGlobal
